
Microsoft Visual Studio Solution File, Format Version 12.00
# Visual Studio Version 17
VisualStudioVersion = 17.8.34316.72
MinimumVisualStudioVersion = 10.0.40219.1
Project("{FAE04EC0-301F-11D3-BF4B-00C04F79EFBC}") = "Dictionary_App", "Dictionary_App\Dictionary_App.csproj", "{99FD346C-1CB4-4E4C-A714-FBE560F106CB}"
EndProject
Global
	GlobalSection(SolutionConfigurationPlatforms) = preSolution
		Debug|Any CPU = Debug|Any CPU
		Release|Any CPU = Release|Any CPU
	EndGlobalSection
	GlobalSection(ProjectConfigurationPlatforms) = postSolution
		{99FD346C-1CB4-4E4C-A714-FBE560F106CB}.Debug|Any CPU.ActiveCfg = Debug|Any CPU
		{99FD346C-1CB4-4E4C-A714-FBE560F106CB}.Debug|Any CPU.Build.0 = Debug|Any CPU
		{99FD346C-1CB4-4E4C-A714-FBE560F106CB}.Release|Any CPU.ActiveCfg = Release|Any CPU
		{99FD346C-1CB4-4E4C-A714-FBE560F106CB}.Release|Any CPU.Build.0 = Release|Any CPU
	EndGlobalSection
	GlobalSection(SolutionProperties) = preSolution
		HideSolutionNode = FALSE
	EndGlobalSection
	GlobalSection(ExtensibilityGlobals) = postSolution
		SolutionGuid = {07185A02-75C0-45B8-8487-950BC3D9BE98}
	EndGlobalSection
EndGlobal
